
Microsoft Visual Studio Solution File, Format Version 12.00
# Visual Studio Version 17
VisualStudioVersion = 17.8.34330.188
MinimumVisualStudioVersion = 10.0.40219.1
Project("{FAE04EC0-301F-11D3-BF4B-00C04F79EFBC}") = "Conta_Bancária", "Conta_Bancária\Conta_Bancária.csproj", "{CD5859C8-7911-4C90-9C86-8EFACBE6E172}"
EndProject
Global
	GlobalSection(SolutionConfigurationPlatforms) = preSolution
		Debug|Any CPU = Debug|Any CPU
		Release|Any CPU = Release|Any CPU
	EndGlobalSection
	GlobalSection(ProjectConfigurationPlatforms) = postSolution
		{CD5859C8-7911-4C90-9C86-8EFACBE6E172}.Debug|Any CPU.ActiveCfg = Debug|Any CPU
		{CD5859C8-7911-4C90-9C86-8EFACBE6E172}.Debug|Any CPU.Build.0 = Debug|Any CPU
		{CD5859C8-7911-4C90-9C86-8EFACBE6E172}.Release|Any CPU.ActiveCfg = Release|Any CPU
		{CD5859C8-7911-4C90-9C86-8EFACBE6E172}.Release|Any CPU.Build.0 = Release|Any CPU
	EndGlobalSection
	GlobalSection(SolutionProperties) = preSolution
		HideSolutionNode = FALSE
	EndGlobalSection
	GlobalSection(ExtensibilityGlobals) = postSolution
		SolutionGuid = {C77C4426-C2AC-4949-92B4-D4FB06ED593C}
	EndGlobalSection
EndGlobal
