
Microsoft Visual Studio Solution File, Format Version 12.00
# Visual Studio Version 17
VisualStudioVersion = 17.8.34330.188
MinimumVisualStudioVersion = 10.0.40219.1
Project("{FAE04EC0-301F-11D3-BF4B-00C04F79EFBC}") = "Exercicio1", "Exercicio1\Exercicio1.csproj", "{D5E42D7E-F63B-4D19-A665-F5DA09FE02B6}"
EndProject
Global
	GlobalSection(SolutionConfigurationPlatforms) = preSolution
		Debug|Any CPU = Debug|Any CPU
		Release|Any CPU = Release|Any CPU
	EndGlobalSection
	GlobalSection(ProjectConfigurationPlatforms) = postSolution
		{D5E42D7E-F63B-4D19-A665-F5DA09FE02B6}.Debug|Any CPU.ActiveCfg = Debug|Any CPU
		{D5E42D7E-F63B-4D19-A665-F5DA09FE02B6}.Debug|Any CPU.Build.0 = Debug|Any CPU
		{D5E42D7E-F63B-4D19-A665-F5DA09FE02B6}.Release|Any CPU.ActiveCfg = Release|Any CPU
		{D5E42D7E-F63B-4D19-A665-F5DA09FE02B6}.Release|Any CPU.Build.0 = Release|Any CPU
	EndGlobalSection
	GlobalSection(SolutionProperties) = preSolution
		HideSolutionNode = FALSE
	EndGlobalSection
	GlobalSection(ExtensibilityGlobals) = postSolution
		SolutionGuid = {0E168BD0-EF61-4CC6-A996-E17502D69144}
	EndGlobalSection
EndGlobal
